
Microsoft Visual Studio Solution File, Format Version 12.00
# Visual Studio Version 17
VisualStudioVersion = 17.14.36518.9
MinimumVisualStudioVersion = 10.0.40219.1
Project("{2150E333-8FDC-42A3-9474-1A3956D46DE8}") = "src", "src", "{02EA681E-C7D8-13C7-8484-4AC65E1B71E8}"
EndProject
Project("{2150E333-8FDC-42A3-9474-1A3956D46DE8}") = "services", "services", "{3D359895-A0B9-4E1A-87C8-0C2F6BF48B85}"
EndProject
Project("{2150E333-8FDC-42A3-9474-1A3956D46DE8}") = "catalog", "catalog", "{359079AB-ED40-4A81-9F42-F954047B946A}"
EndProject
Project("{FAE04EC0-301F-11D3-BF4B-00C04F79EFBC}") = "MicroserviceCourse.Catalog.Api", "MicroserviceCourse.Catalog.Api\MicroserviceCourse.Catalog.Api.csproj", "{C54A088A-95A8-4EBE-9FD1-5CC643782F30}"
EndProject
Project("{E53339B2-1760-4266-BCC7-CA923CBCF16C}") = "docker-compose", "docker-compose.dcproj", "{81DDED9D-158B-E303-5F62-77A2896D2A5A}"
EndProject
Project("{2150E333-8FDC-42A3-9474-1A3956D46DE8}") = "shared", "shared", "{FD13FD46-D0AC-4CCC-A68F-D5ACE8E22F0B}"
EndProject
Project("{FAE04EC0-301F-11D3-BF4B-00C04F79EFBC}") = "MicroserviceCourse.Shared", "MicroserviceCourse.Shared\MicroserviceCourse.Shared.csproj", "{E42E4D04-725F-438E-AAF5-F9FF441DF23E}"
EndProject
Project("{2150E333-8FDC-42A3-9474-1A3956D46DE8}") = "basket", "basket", "{D416C03B-9262-4330-8559-2E59151F00F6}"
EndProject
Project("{FAE04EC0-301F-11D3-BF4B-00C04F79EFBC}") = "MicroserviceCourse.Basket.Api", "MicroserviceCourse.Basket.Api\MicroserviceCourse.Basket.Api.csproj", "{78CBB186-CDA8-4021-A2FC-DA74E7B37507}"
EndProject
Project("{2150E333-8FDC-42A3-9474-1A3956D46DE8}") = "discount", "discount", "{B2515388-837C-4083-92E4-2C3C7350B7CC}"
EndProject
Project("{FAE04EC0-301F-11D3-BF4B-00C04F79EFBC}") = "MicroserviceCourse.Discount.Api", "MicroserviceCourse.Discount.Api\MicroserviceCourse.Discount.Api.csproj", "{CDC746E3-84D1-4537-BF34-DA441F6C3777}"
EndProject
Project("{2150E333-8FDC-42A3-9474-1A3956D46DE8}") = "file", "file", "{138D0A73-6757-4A33-A6F6-87F66672A105}"
EndProject
Project("{FAE04EC0-301F-11D3-BF4B-00C04F79EFBC}") = "MicroserviceCourse.File.Api", "MicroserviceCourse.File.Api\MicroserviceCourse.File.Api.csproj", "{B05FC28F-1FED-4C74-BD58-1146C974126E}"
EndProject
Project("{2150E333-8FDC-42A3-9474-1A3956D46DE8}") = "order", "order", "{2D87FEE7-A998-4C31-99F6-6093F715CAC3}"
EndProject
Project("{2150E333-8FDC-42A3-9474-1A3956D46DE8}") = "api", "api", "{75E3EB09-A1FF-4BBE-9BEF-D7853985826E}"
EndProject
Project("{2150E333-8FDC-42A3-9474-1A3956D46DE8}") = "core", "core", "{E382ACCD-0867-4285-A58F-B1E718D6D056}"
EndProject
Project("{2150E333-8FDC-42A3-9474-1A3956D46DE8}") = "infrastructure", "infrastructure", "{D64374B3-AF4C-4F54-90B5-18A124B84213}"
EndProject
Project("{FAE04EC0-301F-11D3-BF4B-00C04F79EFBC}") = "MicroserviceCourse.Order.Api", "MicroserviceCourse.Order.Api\MicroserviceCourse.Order.Api.csproj", "{2B730922-B524-4E2B-9CCE-0B847570ADD0}"
EndProject
Project("{FAE04EC0-301F-11D3-BF4B-00C04F79EFBC}") = "MicroserviceCourse.Order.Domain", "MicroserviceCourse.Order.Domain\MicroserviceCourse.Order.Domain.csproj", "{6706C729-8484-4A7A-B3CA-9B432C84A575}"
EndProject
Project("{FAE04EC0-301F-11D3-BF4B-00C04F79EFBC}") = "MicroserviceCourse.Order.Application", "MicroserviceCourse.Order.Application\MicroserviceCourse.Order.Application.csproj", "{016B81A4-BBA3-491C-B30F-D5F729CDEF4B}"
EndProject
Project("{FAE04EC0-301F-11D3-BF4B-00C04F79EFBC}") = "MicroserviceCourse.Order.Persistence", "MicroserviceCourse.Order.Persistence\MicroserviceCourse.Order.Persistence.csproj", "{D996508B-5C87-4C50-A12B-D499296383B8}"
EndProject
Project("{2150E333-8FDC-42A3-9474-1A3956D46DE8}") = "payment", "payment", "{64AF4FF2-F231-499A-ADC9-DCEF1197A599}"
EndProject
Project("{FAE04EC0-301F-11D3-BF4B-00C04F79EFBC}") = "MicroserviceCourse.Payment.Api", "MicroserviceCourse.Payment.Api\MicroserviceCourse.Payment.Api.csproj", "{72001774-2179-400C-9B61-D4D9EBDB0CD7}"
EndProject
Project("{2150E333-8FDC-42A3-9474-1A3956D46DE8}") = "gateway", "gateway", "{893F1C94-D24A-408C-A0DF-6C4DA3F05B04}"
EndProject
Project("{FAE04EC0-301F-11D3-BF4B-00C04F79EFBC}") = "MicroserviceCourse.Gateway", "MicroserviceCourse.Gateway\MicroserviceCourse.Gateway.csproj", "{53718CC5-6F6D-410C-94EE-19C97E1457D9}"
EndProject
Global
	GlobalSection(SolutionConfigurationPlatforms) = preSolution
		Debug|Any CPU = Debug|Any CPU
		Release|Any CPU = Release|Any CPU
	EndGlobalSection
	GlobalSection(ProjectConfigurationPlatforms) = postSolution
		{C54A088A-95A8-4EBE-9FD1-5CC643782F30}.Debug|Any CPU.ActiveCfg = Debug|Any CPU
		{C54A088A-95A8-4EBE-9FD1-5CC643782F30}.Debug|Any CPU.Build.0 = Debug|Any CPU
		{C54A088A-95A8-4EBE-9FD1-5CC643782F30}.Release|Any CPU.ActiveCfg = Release|Any CPU
		{C54A088A-95A8-4EBE-9FD1-5CC643782F30}.Release|Any CPU.Build.0 = Release|Any CPU
		{81DDED9D-158B-E303-5F62-77A2896D2A5A}.Debug|Any CPU.ActiveCfg = Debug|Any CPU
		{81DDED9D-158B-E303-5F62-77A2896D2A5A}.Debug|Any CPU.Build.0 = Debug|Any CPU
		{81DDED9D-158B-E303-5F62-77A2896D2A5A}.Release|Any CPU.ActiveCfg = Release|Any CPU
		{81DDED9D-158B-E303-5F62-77A2896D2A5A}.Release|Any CPU.Build.0 = Release|Any CPU
		{E42E4D04-725F-438E-AAF5-F9FF441DF23E}.Debug|Any CPU.ActiveCfg = Debug|Any CPU
		{E42E4D04-725F-438E-AAF5-F9FF441DF23E}.Debug|Any CPU.Build.0 = Debug|Any CPU
		{E42E4D04-725F-438E-AAF5-F9FF441DF23E}.Release|Any CPU.ActiveCfg = Release|Any CPU
		{E42E4D04-725F-438E-AAF5-F9FF441DF23E}.Release|Any CPU.Build.0 = Release|Any CPU
		{78CBB186-CDA8-4021-A2FC-DA74E7B37507}.Debug|Any CPU.ActiveCfg = Debug|Any CPU
		{78CBB186-CDA8-4021-A2FC-DA74E7B37507}.Debug|Any CPU.Build.0 = Debug|Any CPU
		{78CBB186-CDA8-4021-A2FC-DA74E7B37507}.Release|Any CPU.ActiveCfg = Release|Any CPU
		{78CBB186-CDA8-4021-A2FC-DA74E7B37507}.Release|Any CPU.Build.0 = Release|Any CPU
		{CDC746E3-84D1-4537-BF34-DA441F6C3777}.Debug|Any CPU.ActiveCfg = Debug|Any CPU
		{CDC746E3-84D1-4537-BF34-DA441F6C3777}.Debug|Any CPU.Build.0 = Debug|Any CPU
		{CDC746E3-84D1-4537-BF34-DA441F6C3777}.Release|Any CPU.ActiveCfg = Release|Any CPU
		{CDC746E3-84D1-4537-BF34-DA441F6C3777}.Release|Any CPU.Build.0 = Release|Any CPU
		{B05FC28F-1FED-4C74-BD58-1146C974126E}.Debug|Any CPU.ActiveCfg = Debug|Any CPU
		{B05FC28F-1FED-4C74-BD58-1146C974126E}.Debug|Any CPU.Build.0 = Debug|Any CPU
		{B05FC28F-1FED-4C74-BD58-1146C974126E}.Release|Any CPU.ActiveCfg = Release|Any CPU
		{B05FC28F-1FED-4C74-BD58-1146C974126E}.Release|Any CPU.Build.0 = Release|Any CPU
		{2B730922-B524-4E2B-9CCE-0B847570ADD0}.Debug|Any CPU.ActiveCfg = Debug|Any CPU
		{2B730922-B524-4E2B-9CCE-0B847570ADD0}.Debug|Any CPU.Build.0 = Debug|Any CPU
		{2B730922-B524-4E2B-9CCE-0B847570ADD0}.Release|Any CPU.ActiveCfg = Release|Any CPU
		{2B730922-B524-4E2B-9CCE-0B847570ADD0}.Release|Any CPU.Build.0 = Release|Any CPU
		{6706C729-8484-4A7A-B3CA-9B432C84A575}.Debug|Any CPU.ActiveCfg = Debug|Any CPU
		{6706C729-8484-4A7A-B3CA-9B432C84A575}.Debug|Any CPU.Build.0 = Debug|Any CPU
		{6706C729-8484-4A7A-B3CA-9B432C84A575}.Release|Any CPU.ActiveCfg = Release|Any CPU
		{6706C729-8484-4A7A-B3CA-9B432C84A575}.Release|Any CPU.Build.0 = Release|Any CPU
		{016B81A4-BBA3-491C-B30F-D5F729CDEF4B}.Debug|Any CPU.ActiveCfg = Debug|Any CPU
		{016B81A4-BBA3-491C-B30F-D5F729CDEF4B}.Debug|Any CPU.Build.0 = Debug|Any CPU
		{016B81A4-BBA3-491C-B30F-D5F729CDEF4B}.Release|Any CPU.ActiveCfg = Release|Any CPU
		{016B81A4-BBA3-491C-B30F-D5F729CDEF4B}.Release|Any CPU.Build.0 = Release|Any CPU
		{D996508B-5C87-4C50-A12B-D499296383B8}.Debug|Any CPU.ActiveCfg = Debug|Any CPU
		{D996508B-5C87-4C50-A12B-D499296383B8}.Debug|Any CPU.Build.0 = Debug|Any CPU
		{D996508B-5C87-4C50-A12B-D499296383B8}.Release|Any CPU.ActiveCfg = Release|Any CPU
		{D996508B-5C87-4C50-A12B-D499296383B8}.Release|Any CPU.Build.0 = Release|Any CPU
		{72001774-2179-400C-9B61-D4D9EBDB0CD7}.Debug|Any CPU.ActiveCfg = Debug|Any CPU
		{72001774-2179-400C-9B61-D4D9EBDB0CD7}.Debug|Any CPU.Build.0 = Debug|Any CPU
		{72001774-2179-400C-9B61-D4D9EBDB0CD7}.Release|Any CPU.ActiveCfg = Release|Any CPU
		{72001774-2179-400C-9B61-D4D9EBDB0CD7}.Release|Any CPU.Build.0 = Release|Any CPU
		{53718CC5-6F6D-410C-94EE-19C97E1457D9}.Debug|Any CPU.ActiveCfg = Debug|Any CPU
		{53718CC5-6F6D-410C-94EE-19C97E1457D9}.Debug|Any CPU.Build.0 = Debug|Any CPU
		{53718CC5-6F6D-410C-94EE-19C97E1457D9}.Release|Any CPU.ActiveCfg = Release|Any CPU
		{53718CC5-6F6D-410C-94EE-19C97E1457D9}.Release|Any CPU.Build.0 = Release|Any CPU
	EndGlobalSection
	GlobalSection(SolutionProperties) = preSolution
		HideSolutionNode = FALSE
	EndGlobalSection
	GlobalSection(NestedProjects) = preSolution
		{3D359895-A0B9-4E1A-87C8-0C2F6BF48B85} = {02EA681E-C7D8-13C7-8484-4AC65E1B71E8}
		{359079AB-ED40-4A81-9F42-F954047B946A} = {3D359895-A0B9-4E1A-87C8-0C2F6BF48B85}
		{C54A088A-95A8-4EBE-9FD1-5CC643782F30} = {359079AB-ED40-4A81-9F42-F954047B946A}
		{FD13FD46-D0AC-4CCC-A68F-D5ACE8E22F0B} = {02EA681E-C7D8-13C7-8484-4AC65E1B71E8}
		{E42E4D04-725F-438E-AAF5-F9FF441DF23E} = {FD13FD46-D0AC-4CCC-A68F-D5ACE8E22F0B}
		{D416C03B-9262-4330-8559-2E59151F00F6} = {3D359895-A0B9-4E1A-87C8-0C2F6BF48B85}
		{78CBB186-CDA8-4021-A2FC-DA74E7B37507} = {D416C03B-9262-4330-8559-2E59151F00F6}
		{B2515388-837C-4083-92E4-2C3C7350B7CC} = {3D359895-A0B9-4E1A-87C8-0C2F6BF48B85}
		{CDC746E3-84D1-4537-BF34-DA441F6C3777} = {B2515388-837C-4083-92E4-2C3C7350B7CC}
		{138D0A73-6757-4A33-A6F6-87F66672A105} = {3D359895-A0B9-4E1A-87C8-0C2F6BF48B85}
		{B05FC28F-1FED-4C74-BD58-1146C974126E} = {138D0A73-6757-4A33-A6F6-87F66672A105}
		{2D87FEE7-A998-4C31-99F6-6093F715CAC3} = {3D359895-A0B9-4E1A-87C8-0C2F6BF48B85}
		{75E3EB09-A1FF-4BBE-9BEF-D7853985826E} = {2D87FEE7-A998-4C31-99F6-6093F715CAC3}
		{E382ACCD-0867-4285-A58F-B1E718D6D056} = {2D87FEE7-A998-4C31-99F6-6093F715CAC3}
		{D64374B3-AF4C-4F54-90B5-18A124B84213} = {2D87FEE7-A998-4C31-99F6-6093F715CAC3}
		{2B730922-B524-4E2B-9CCE-0B847570ADD0} = {75E3EB09-A1FF-4BBE-9BEF-D7853985826E}
		{6706C729-8484-4A7A-B3CA-9B432C84A575} = {E382ACCD-0867-4285-A58F-B1E718D6D056}
		{016B81A4-BBA3-491C-B30F-D5F729CDEF4B} = {E382ACCD-0867-4285-A58F-B1E718D6D056}
		{D996508B-5C87-4C50-A12B-D499296383B8} = {D64374B3-AF4C-4F54-90B5-18A124B84213}
		{64AF4FF2-F231-499A-ADC9-DCEF1197A599} = {3D359895-A0B9-4E1A-87C8-0C2F6BF48B85}
		{72001774-2179-400C-9B61-D4D9EBDB0CD7} = {64AF4FF2-F231-499A-ADC9-DCEF1197A599}
		{893F1C94-D24A-408C-A0DF-6C4DA3F05B04} = {3D359895-A0B9-4E1A-87C8-0C2F6BF48B85}
		{53718CC5-6F6D-410C-94EE-19C97E1457D9} = {893F1C94-D24A-408C-A0DF-6C4DA3F05B04}
	EndGlobalSection
	GlobalSection(ExtensibilityGlobals) = postSolution
		SolutionGuid = {BEB05D97-19D4-4B07-9EE9-46E7C4AA31FD}
	EndGlobalSection
EndGlobal
